
Microsoft Visual Studio Solution File, Format Version 12.00
# Visual Studio Version 17
VisualStudioVersion = 17.9.34622.214
MinimumVisualStudioVersion = 10.0.40219.1
Project("{9A19103F-16F7-4668-BE54-9A1E7A4F7556}") = "CARculator.OTOMOTO", "CARculator.OTOMOTO\CARculator.OTOMOTO.csproj", "{EA483F4A-D4BB-4FC7-8B53-DD262C403C21}"
EndProject
Project("{00D1A9C2-B5F0-4AF3-8072-F6C62B433612}") = "CARculator.Data", "CARculator.Data\CARculator.Data.sqlproj", "{D459A736-1A31-42F6-A8E8-B8208880A8DE}"
EndProject
Project("{FAE04EC0-301F-11D3-BF4B-00C04F79EFBC}") = "CARculator", "CARculator\CARculator.csproj", "{8EAFE053-6741-408C-8B99-E52A9A3BCA79}"
EndProject
Global
	GlobalSection(SolutionConfigurationPlatforms) = preSolution
		Debug|Any CPU = Debug|Any CPU
		Release|Any CPU = Release|Any CPU
	EndGlobalSection
	GlobalSection(ProjectConfigurationPlatforms) = postSolution
		{EA483F4A-D4BB-4FC7-8B53-DD262C403C21}.Debug|Any CPU.ActiveCfg = Debug|Any CPU
		{EA483F4A-D4BB-4FC7-8B53-DD262C403C21}.Debug|Any CPU.Build.0 = Debug|Any CPU
		{EA483F4A-D4BB-4FC7-8B53-DD262C403C21}.Release|Any CPU.ActiveCfg = Release|Any CPU
		{EA483F4A-D4BB-4FC7-8B53-DD262C403C21}.Release|Any CPU.Build.0 = Release|Any CPU
		{D459A736-1A31-42F6-A8E8-B8208880A8DE}.Debug|Any CPU.ActiveCfg = Debug|Any CPU
		{D459A736-1A31-42F6-A8E8-B8208880A8DE}.Debug|Any CPU.Build.0 = Debug|Any CPU
		{D459A736-1A31-42F6-A8E8-B8208880A8DE}.Debug|Any CPU.Deploy.0 = Debug|Any CPU
		{D459A736-1A31-42F6-A8E8-B8208880A8DE}.Release|Any CPU.ActiveCfg = Release|Any CPU
		{D459A736-1A31-42F6-A8E8-B8208880A8DE}.Release|Any CPU.Build.0 = Release|Any CPU
		{D459A736-1A31-42F6-A8E8-B8208880A8DE}.Release|Any CPU.Deploy.0 = Release|Any CPU
		{8EAFE053-6741-408C-8B99-E52A9A3BCA79}.Debug|Any CPU.ActiveCfg = Debug|Any CPU
		{8EAFE053-6741-408C-8B99-E52A9A3BCA79}.Debug|Any CPU.Build.0 = Debug|Any CPU
		{8EAFE053-6741-408C-8B99-E52A9A3BCA79}.Release|Any CPU.ActiveCfg = Release|Any CPU
		{8EAFE053-6741-408C-8B99-E52A9A3BCA79}.Release|Any CPU.Build.0 = Release|Any CPU
	EndGlobalSection
	GlobalSection(SolutionProperties) = preSolution
		HideSolutionNode = FALSE
	EndGlobalSection
	GlobalSection(ExtensibilityGlobals) = postSolution
		SolutionGuid = {A1A5AD22-5F96-4A7F-B2D0-3151C978612B}
	EndGlobalSection
EndGlobal
